
Microsoft Visual Studio Solution File, Format Version 12.00
# Visual Studio 2012
Project("{FAE04EC0-301F-11D3-BF4B-00C04F79EFBC}") = "Graphics", "Graphics\Graphics.csproj", "{11A2DA14-D2C2-4D49-B3DC-3ADFBA4F630E}"
EndProject
Global
	GlobalSection(SolutionConfigurationPlatforms) = preSolution
		Debug|Any CPU = Debug|Any CPU
		Release|Any CPU = Release|Any CPU
	EndGlobalSection
	GlobalSection(ProjectConfigurationPlatforms) = postSolution
		{11A2DA14-D2C2-4D49-B3DC-3ADFBA4F630E}.Debug|Any CPU.ActiveCfg = Debug|Any CPU
		{11A2DA14-D2C2-4D49-B3DC-3ADFBA4F630E}.Debug|Any CPU.Build.0 = Debug|Any CPU
		{11A2DA14-D2C2-4D49-B3DC-3ADFBA4F630E}.Release|Any CPU.ActiveCfg = Release|Any CPU
		{11A2DA14-D2C2-4D49-B3DC-3ADFBA4F630E}.Release|Any CPU.Build.0 = Release|Any CPU
	EndGlobalSection
	GlobalSection(SolutionProperties) = preSolution
		HideSolutionNode = FALSE
	EndGlobalSection
EndGlobal
